
Microsoft Visual Studio Solution File, Format Version 12.00
# Visual Studio Version 17
VisualStudioVersion = 17.4.33110.190
MinimumVisualStudioVersion = 10.0.40219.1
Project("{FAE04EC0-301F-11D3-BF4B-00C04F79EFBC}") = "BibliotecaAPI", "BibliotecaAPI.csproj", "{9C4D4A00-3292-4A6E-B667-F95F97C2A156}"
EndProject
Global
	GlobalSection(SolutionConfigurationPlatforms) = preSolution
		Debug|Any CPU = Debug|Any CPU
		Release|Any CPU = Release|Any CPU
	EndGlobalSection
	GlobalSection(ProjectConfigurationPlatforms) = postSolution
		{9C4D4A00-3292-4A6E-B667-F95F97C2A156}.Debug|Any CPU.ActiveCfg = Debug|Any CPU
		{9C4D4A00-3292-4A6E-B667-F95F97C2A156}.Debug|Any CPU.Build.0 = Debug|Any CPU
		{9C4D4A00-3292-4A6E-B667-F95F97C2A156}.Release|Any CPU.ActiveCfg = Release|Any CPU
		{9C4D4A00-3292-4A6E-B667-F95F97C2A156}.Release|Any CPU.Build.0 = Release|Any CPU
	EndGlobalSection
	GlobalSection(SolutionProperties) = preSolution
		HideSolutionNode = FALSE
	EndGlobalSection
	GlobalSection(ExtensibilityGlobals) = postSolution
		SolutionGuid = {800BF0E3-4096-4EF7-96C9-AD65F6A49C7B}
	EndGlobalSection
EndGlobal
